
Microsoft Visual Studio Solution File, Format Version 12.00
# Visual Studio 14
VisualStudioVersion = 14.0.25420.1
MinimumVisualStudioVersion = 10.0.40219.1
Project("{2150E333-8FDC-42A3-9474-1A3956D46DE8}") = "Repository", "Repository", "{66B33E69-10C9-4EF6-A644-3A93082F2340}"
EndProject
Project("{FAE04EC0-301F-11D3-BF4B-00C04F79EFBC}") = "IBMS.Repository", "IBMS.Repository\IBMS.Repository.csproj", "{2428C7AF-8347-4E44-9BB1-2DD981FB608F}"
EndProject
Project("{2150E333-8FDC-42A3-9474-1A3956D46DE8}") = "Service", "Service", "{416D73B8-5891-4C88-BF88-F1A1B64ED946}"
EndProject
Project("{FAE04EC0-301F-11D3-BF4B-00C04F79EFBC}") = "IBMS.Service", "IBMS.Service\IBMS.Service.csproj", "{74B7C09E-7C42-42D4-A029-EF25EFDAB3DF}"
EndProject
Project("{2150E333-8FDC-42A3-9474-1A3956D46DE8}") = "Web", "Web", "{05595D94-011F-423B-9B34-C481E1B6768C}"
EndProject
Project("{2150E333-8FDC-42A3-9474-1A3956D46DE8}") = "Shared", "Shared", "{0012A591-CC91-4344-8036-16F1203AFCB5}"
EndProject
Project("{FAE04EC0-301F-11D3-BF4B-00C04F79EFBC}") = "IBMS.Shared.ViewModel", "IBMS.Shared.ViewModel\IBMS.Shared.ViewModel.csproj", "{568978DA-E8EF-49E0-BB60-63A16AF8951C}"
EndProject
Project("{FAE04EC0-301F-11D3-BF4B-00C04F79EFBC}") = "IBMS.Shared.Function", "IBMS.Shared.Function\IBMS.Shared.Function.csproj", "{08A867FE-3788-4C0A-8262-81AF0A58E2C4}"
EndProject
Project("{FAE04EC0-301F-11D3-BF4B-00C04F79EFBC}") = "IBMS.Web.API", "IBMS.Web.API\IBMS.Web.API.csproj", "{52088C9A-FB77-44EF-8CF9-495F1C606C5F}"
EndProject
Project("{FAE04EC0-301F-11D3-BF4B-00C04F79EFBC}") = "IBMS.Web.MVC", "IBMS.Web.MVC\IBMS.Web.MVC.csproj", "{BCD583E2-2A63-4C0B-9F87-530AA5F23913}"
EndProject
Global
	GlobalSection(SolutionConfigurationPlatforms) = preSolution
		Debug|Any CPU = Debug|Any CPU
		Release|Any CPU = Release|Any CPU
	EndGlobalSection
	GlobalSection(ProjectConfigurationPlatforms) = postSolution
		{2428C7AF-8347-4E44-9BB1-2DD981FB608F}.Debug|Any CPU.ActiveCfg = Debug|Any CPU
		{2428C7AF-8347-4E44-9BB1-2DD981FB608F}.Debug|Any CPU.Build.0 = Debug|Any CPU
		{2428C7AF-8347-4E44-9BB1-2DD981FB608F}.Release|Any CPU.ActiveCfg = Release|Any CPU
		{2428C7AF-8347-4E44-9BB1-2DD981FB608F}.Release|Any CPU.Build.0 = Release|Any CPU
		{74B7C09E-7C42-42D4-A029-EF25EFDAB3DF}.Debug|Any CPU.ActiveCfg = Debug|Any CPU
		{74B7C09E-7C42-42D4-A029-EF25EFDAB3DF}.Debug|Any CPU.Build.0 = Debug|Any CPU
		{74B7C09E-7C42-42D4-A029-EF25EFDAB3DF}.Release|Any CPU.ActiveCfg = Release|Any CPU
		{74B7C09E-7C42-42D4-A029-EF25EFDAB3DF}.Release|Any CPU.Build.0 = Release|Any CPU
		{568978DA-E8EF-49E0-BB60-63A16AF8951C}.Debug|Any CPU.ActiveCfg = Debug|Any CPU
		{568978DA-E8EF-49E0-BB60-63A16AF8951C}.Debug|Any CPU.Build.0 = Debug|Any CPU
		{568978DA-E8EF-49E0-BB60-63A16AF8951C}.Release|Any CPU.ActiveCfg = Release|Any CPU
		{568978DA-E8EF-49E0-BB60-63A16AF8951C}.Release|Any CPU.Build.0 = Release|Any CPU
		{08A867FE-3788-4C0A-8262-81AF0A58E2C4}.Debug|Any CPU.ActiveCfg = Debug|Any CPU
		{08A867FE-3788-4C0A-8262-81AF0A58E2C4}.Debug|Any CPU.Build.0 = Debug|Any CPU
		{08A867FE-3788-4C0A-8262-81AF0A58E2C4}.Release|Any CPU.ActiveCfg = Release|Any CPU
		{08A867FE-3788-4C0A-8262-81AF0A58E2C4}.Release|Any CPU.Build.0 = Release|Any CPU
		{52088C9A-FB77-44EF-8CF9-495F1C606C5F}.Debug|Any CPU.ActiveCfg = Debug|Any CPU
		{52088C9A-FB77-44EF-8CF9-495F1C606C5F}.Debug|Any CPU.Build.0 = Debug|Any CPU
		{52088C9A-FB77-44EF-8CF9-495F1C606C5F}.Release|Any CPU.ActiveCfg = Release|Any CPU
		{52088C9A-FB77-44EF-8CF9-495F1C606C5F}.Release|Any CPU.Build.0 = Release|Any CPU
		{BCD583E2-2A63-4C0B-9F87-530AA5F23913}.Debug|Any CPU.ActiveCfg = Debug|Any CPU
		{BCD583E2-2A63-4C0B-9F87-530AA5F23913}.Debug|Any CPU.Build.0 = Debug|Any CPU
		{BCD583E2-2A63-4C0B-9F87-530AA5F23913}.Debug|Any CPU.Deploy.0 = Debug|Any CPU
		{BCD583E2-2A63-4C0B-9F87-530AA5F23913}.Release|Any CPU.ActiveCfg = Release|Any CPU
		{BCD583E2-2A63-4C0B-9F87-530AA5F23913}.Release|Any CPU.Build.0 = Release|Any CPU
	EndGlobalSection
	GlobalSection(SolutionProperties) = preSolution
		HideSolutionNode = FALSE
	EndGlobalSection
	GlobalSection(NestedProjects) = preSolution
		{2428C7AF-8347-4E44-9BB1-2DD981FB608F} = {66B33E69-10C9-4EF6-A644-3A93082F2340}
		{416D73B8-5891-4C88-BF88-F1A1B64ED946} = {66B33E69-10C9-4EF6-A644-3A93082F2340}
		{74B7C09E-7C42-42D4-A029-EF25EFDAB3DF} = {416D73B8-5891-4C88-BF88-F1A1B64ED946}
		{568978DA-E8EF-49E0-BB60-63A16AF8951C} = {0012A591-CC91-4344-8036-16F1203AFCB5}
		{08A867FE-3788-4C0A-8262-81AF0A58E2C4} = {0012A591-CC91-4344-8036-16F1203AFCB5}
		{52088C9A-FB77-44EF-8CF9-495F1C606C5F} = {05595D94-011F-423B-9B34-C481E1B6768C}
		{BCD583E2-2A63-4C0B-9F87-530AA5F23913} = {05595D94-011F-423B-9B34-C481E1B6768C}
	EndGlobalSection
	GlobalSection(ExtensibilityGlobals) = postSolution
		SolutionGuid = {703DAB76-C811-46F8-97DB-470ACB9BD456}
	EndGlobalSection
EndGlobal
